
Microsoft Visual Studio Solution File, Format Version 12.00
# Visual Studio Version 16
VisualStudioVersion = 16.0.30611.23
MinimumVisualStudioVersion = 10.0.40219.1
Project("{FAE04EC0-301F-11D3-BF4B-00C04F79EFBC}") = "Asteroids", "Asteroids\Asteroids.csproj", "{206EB5ED-FF24-40E3-8655-E70CCE98F708}"
EndProject
Project("{FAE04EC0-301F-11D3-BF4B-00C04F79EFBC}") = "Lesson_04_HW", "Lesson_04_HW\Lesson_04_HW.csproj", "{EE05949E-8251-4184-85C3-60A9F1C23503}"
EndProject
Global
	GlobalSection(SolutionConfigurationPlatforms) = preSolution
		Debug|Any CPU = Debug|Any CPU
		Release|Any CPU = Release|Any CPU
	EndGlobalSection
	GlobalSection(ProjectConfigurationPlatforms) = postSolution
		{206EB5ED-FF24-40E3-8655-E70CCE98F708}.Debug|Any CPU.ActiveCfg = Debug|Any CPU
		{206EB5ED-FF24-40E3-8655-E70CCE98F708}.Debug|Any CPU.Build.0 = Debug|Any CPU
		{206EB5ED-FF24-40E3-8655-E70CCE98F708}.Release|Any CPU.ActiveCfg = Release|Any CPU
		{206EB5ED-FF24-40E3-8655-E70CCE98F708}.Release|Any CPU.Build.0 = Release|Any CPU
		{EE05949E-8251-4184-85C3-60A9F1C23503}.Debug|Any CPU.ActiveCfg = Debug|Any CPU
		{EE05949E-8251-4184-85C3-60A9F1C23503}.Debug|Any CPU.Build.0 = Debug|Any CPU
		{EE05949E-8251-4184-85C3-60A9F1C23503}.Release|Any CPU.ActiveCfg = Release|Any CPU
		{EE05949E-8251-4184-85C3-60A9F1C23503}.Release|Any CPU.Build.0 = Release|Any CPU
	EndGlobalSection
	GlobalSection(SolutionProperties) = preSolution
		HideSolutionNode = FALSE
	EndGlobalSection
	GlobalSection(ExtensibilityGlobals) = postSolution
		SolutionGuid = {2D0D575D-999D-4890-AE90-6721B28EF6AA}
	EndGlobalSection
EndGlobal
